// !$*UTF8*$!
{
	archiveVersion = 1;
	classes = {
	};
	objectVersion = 50;
	objects = {

/* Begin PBXBuildFile section */
		D790BE102740DE94009EAB42 /* AppDelegate.swift in Sources */ = {isa = PBXBuildFile; fileRef = D790BE0F2740DE94009EAB42 /* AppDelegate.swift */; };
		D790BE122740DE94009EAB42 /* SceneDelegate.swift in Sources */ = {isa = PBXBuildFile; fileRef = D790BE112740DE94009EAB42 /* SceneDelegate.swift */; };
		D790BE142740DE94009EAB42 /* ContentView.swift in Sources */ = {isa = PBXBuildFile; fileRef = D790BE132740DE94009EAB42 /* ContentView.swift */; };
		D790BE162740DE95009EAB42 /* Assets.xcassets in Resources */ = {isa = PBXBuildFile; fileRef = D790BE152740DE95009EAB42 /* Assets.xcassets */; };
		D790BE192740DE95009EAB42 /* Preview Assets.xcassets in Resources */ = {isa = PBXBuildFile; fileRef = D790BE182740DE95009EAB42 /* Preview Assets.xcassets */; };
		D790BE1C2740DE95009EAB42 /* LaunchScreen.storyboard in Resources */ = {isa = PBXBuildFile; fileRef = D790BE1A2740DE95009EAB42 /* LaunchScreen.storyboard */; };
/* End PBXBuildFile section */

/* Begin PBXFileReference section */
		D790BE0C2740DE94009EAB42 /* gitdummyProject.app */ = {isa = PBXFileReference; explicitFileType = wrapper.application; includeInIndex = 0; path = gitdummyProject.app; sourceTree = BUILT_PRODUCTS_DIR; };
		D790BE0F2740DE94009EAB42 /* AppDelegate.swift */ = {isa = PBXFileReference; lastKnownFileType = sourcecode.swift; path = AppDelegate.swift; sourceTree = "<group>"; };
		D790BE112740DE94009EAB42 /* SceneDelegate.swift */ = {isa = PBXFileReference; lastKnownFileType = sourcecode.swift; path = SceneDelegate.swift; sourceTree = "<group>"; };
		D790BE132740DE94009EAB42 /* ContentView.swift */ = {isa = PBXFileReference; lastKnownFileType = sourcecode.swift; path = ContentView.swift; sourceTree = "<group>"; };
		D790BE152740DE95009EAB42 /* Assets.xcassets */ = {isa = PBXFileReference; lastKnownFileType = folder.assetcatalog; path = Assets.xcassets; sourceTree = "<group>"; };
		D790BE182740DE95009EAB42 /* Preview Assets.xcassets */ = {isa = PBXFileReference; lastKnownFileType = folder.assetcatalog; path = "Preview Assets.xcassets"; sourceTree = "<group>"; };
		D790BE1B2740DE95009EAB42 /* Base */ = {isa = PBXFileReference; lastKnownFileType = file.storyboard; name = Base; path = Base.lproj/LaunchScreen.storyboard; sourceTree = "<group>"; };
		D790BE1D2740DE95009EAB42 /* Info.plist */ = {isa = PBXFileReference; lastKnownFileType = text.plist.xml; path = Info.plist; sourceTree = "<group>"; };
/* End PBXFileReference section */

/* Begin PBXFrameworksBuildPhase section */
		D790BE092740DE94009EAB42 /* Frameworks */ = {
			isa = PBXFrameworksBuildPhase;
			buildActionMask = 2147483647;
			files = (
			);
			runOnlyForDeploymentPostprocessing = 0;
		};
/* End PBXFrameworksBuildPhase section */

/* Begin PBXGroup section */
		D790BE032740DE94009EAB42 = {
			isa = PBXGroup;
			children = (
				D790BE0E2740DE94009EAB42 /* gitdummyProject */,
				D790BE0D2740DE94009EAB42 /* Products */,
			);
			sourceTree = "<group>";
		};
		D790BE0D2740DE94009EAB42 /* Products */ = {
			isa = PBXGroup;
			children = (
				D790BE0C2740DE94009EAB42 /* gitdummyProject.app */,
			);
			name = Products;
			sourceTree = "<group>";
		};
		D790BE0E2740DE94009EAB42 /* gitdummyProject */ = {
			isa = PBXGroup;
			children = (
				D790BE0F2740DE94009EAB42 /* AppDelegate.swift */,
				D790BE112740DE94009EAB42 /* SceneDelegate.swift */,
				D790BE132740DE94009EAB42 /* ContentView.swift */,
				D790BE152740DE95009EAB42 /* Assets.xcassets */,
				D790BE1A2740DE95009EAB42 /* LaunchScreen.storyboard */,
				D790BE1D2740DE95009EAB42 /* Info.plist */,
				D790BE172740DE95009EAB42 /* Preview Content */,
			);
			path = gitdummyProject;
			sourceTree = "<group>";
		};
		D790BE172740DE95009EAB42 /* Preview Content */ = {
			isa = PBXGroup;
			children = (
				D790BE182740DE95009EAB42 /* Preview Assets.xcassets */,
			);
			path = "Preview Content";
			sourceTree = "<group>";
		};
/* End PBXGroup section */

/* Begin PBXNativeTarget section */
		D790BE0B2740DE94009EAB42 /* gitdummyProject */ = {
			isa = PBXNativeTarget;
			buildConfigurationList = D790BE202740DE95009EAB42 /* Build configuration list for PBXNativeTarget "gitdummyProject" */;
			buildPhases = (
				D790BE082740DE94009EAB42 /* Sources */,
				D790BE092740DE94009EAB42 /* Frameworks */,
				D790BE0A2740DE94009EAB42 /* Resources */,
			);
			buildRules = (
			);
			dependencies = (
			);
			name = gitdummyProject;
			productName = gitdummyProject;
			productReference = D790BE0C2740DE94009EAB42 /* gitdummyProject.app */;
			productType = "com.apple.product-type.application";
		};
/* End PBXNativeTarget section */

/* Begin PBXProject section */
		D790BE042740DE94009EAB42 /* Project object */ = {
			isa = PBXProject;
			attributes = {
				LastSwiftUpdateCheck = 1240;
				LastUpgradeCheck = 1240;
				TargetAttributes = {
					D790BE0B2740DE94009EAB42 = {
						CreatedOnToolsVersion = 12.4;
					};
				};
			};
			buildConfigurationList = D790BE072740DE94009EAB42 /* Build configuration list for PBXProject "gitdummyProject" */;
			compatibilityVersion = "Xcode 9.3";
			developmentRegion = en;
			hasScannedForEncodings = 0;
			knownRegions = (
				en,
				Base,
			);
			mainGroup = D790BE032740DE94009EAB42;
			productRefGroup = D790BE0D2740DE94009EAB42 /* Products */;
			projectDirPath = "";
			projectRoot = "";
			targets = (
				D790BE0B2740DE94009EAB42 /* gitdummyProject */,
			);
		};
/* End PBXProject section */

/* Begin PBXResourcesBuildPhase section */
		D790BE0A2740DE94009EAB42 /* Resources */ = {
			isa = PBXResourcesBuildPhase;
			buildActionMask = 2147483647;
			files = (
				D790BE1C2740DE95009EAB42 /* LaunchScreen.storyboard in Resources */,
				D790BE192740DE95009EAB42 /* Preview Assets.xcassets in Resources */,
				D790BE162740DE95009EAB42 /* Assets.xcassets in Resources */,
			);
			runOnlyForDeploymentPostprocessing = 0;
		};
/* End PBXResourcesBuildPhase section */

/* Begin PBXSourcesBuildPhase section */
		D790BE082740DE94009EAB42 /* Sources */ = {
			isa = PBXSourcesBuildPhase;
			buildActionMask = 2147483647;
			files = (
				D790BE102740DE94009EAB42 /* AppDelegate.swift in Sources */,
				D790BE122740DE94009EAB42 /* SceneDelegate.swift in Sources */,
				D790BE142740DE94009EAB42 /* ContentView.swift in Sources */,
			);
			runOnlyForDeploymentPostprocessing = 0;
		};
/* End PBXSourcesBuildPhase section */

/* Begin PBXVariantGroup section */
		D790BE1A2740DE95009EAB42 /* LaunchScreen.storyboard */ = {
			isa = PBXVariantGroup;
			children = (
				D790BE1B2740DE95009EAB42 /* Base */,
			);
			name = LaunchScreen.storyboard;
			sourceTree = "<group>";
		};
/* End PBXVariantGroup section */

/* Begin XCBuildConfiguration section */
		D790BE1E2740DE95009EAB42 /* Debug */ = {
			isa = XCBuildConfiguration;
			buildSettings = {
				ALWAYS_SEARCH_USER_PATHS = NO;
				CLANG_ANALYZER_NONNULL = YES;
				CLANG_ANALYZER_NUMBER_OBJECT_CONVERSION = YES_AGGRESSIVE;
				CLANG_CXX_LANGUAGE_STANDARD = "gnu++14";
				CLANG_CXX_LIBRARY = "libc++";
				CLANG_ENABLE_MODULES = YES;
				CLANG_ENABLE_OBJC_ARC = YES;
				CLANG_ENABLE_OBJC_WEAK = YES;
				CLANG_WARN_BLOCK_CAPTURE_AUTORELEASING = YES;
				CLANG_WARN_BOOL_CONVERSION = YES;
				CLANG_WARN_COMMA = YES;
				CLANG_WARN_CONSTANT_CONVERSION = YES;
				CLANG_WARN_DEPRECATED_OBJC_IMPLEMENTATIONS = YES;
				CLANG_WARN_DIRECT_OBJC_ISA_USAGE = YES_ERROR;
				CLANG_WARN_DOCUMENTATION_COMMENTS = YES;
				CLANG_WARN_EMPTY_BODY = YES;
				CLANG_WARN_ENUM_CONVERSION = YES;
				CLANG_WARN_INFINITE_RECURSION = YES;
				CLANG_WARN_INT_CONVERSION = YES;
				CLANG_WARN_NON_LITERAL_NULL_CONVERSION = YES;
				CLANG_WARN_OBJC_IMPLICIT_RETAIN_SELF = YES;
				CLANG_WARN_OBJC_LITERAL_CONVERSION = YES;
				CLANG_WARN_OBJC_ROOT_CLASS = YES_ERROR;
				CLANG_WARN_QUOTED_INCLUDE_IN_FRAMEWORK_HEADER = YES;
				CLANG_WARN_RANGE_LOOP_ANALYSIS = YES;
				CLANG_WARN_STRICT_PROTOTYPES = YES;
				CLANG_WARN_SUSPICIOUS_MOVE = YES;
				CLANG_WARN_UNGUARDED_AVAILABILITY = YES_AGGRESSIVE;
				CLANG_WARN_UNREACHABLE_CODE = YES;
				CLANG_WARN__DUPLICATE_METHOD_MATCH = YES;
				COPY_PHASE_STRIP = NO;
				DEBUG_INFORMATION_FORMAT = dwarf;
				ENABLE_STRICT_OBJC_MSGSEND = YES;
				ENABLE_TESTABILITY = YES;
				GCC_C_LANGUAGE_STANDARD = gnu11;
				GCC_DYNAMIC_NO_PIC = NO;
				GCC_NO_COMMON_BLOCKS = YES;
				GCC_OPTIMIZATION_LEVEL = 0;
				GCC_PREPROCESSOR_DEFINITIONS = (
					"DEBUG=1",
					"$(inherited)",
				);
				GCC_WARN_64_TO_32_BIT_CONVERSION = YES;
				GCC_WARN_ABOUT_RETURN_TYPE = YES_ERROR;
				GCC_WARN_UNDECLARED_SELECTOR = YES;
				GCC_WARN_UNINITIALIZED_AUTOS = YES_AGGRESSIVE;
				GCC_WARN_UNUSED_FUNCTION = YES;
				GCC_WARN_UNUSED_VARIABLE = YES;
				IPHONEOS_DEPLOYMENT_TARGET = 14.4;
				MTL_ENABLE_DEBUG_INFO = INCLUDE_SOURCE;
				MTL_FAST_MATH = YES;
				ONLY_ACTIVE_ARCH = YES;
				SDKROOT = iphoneos;
				SWIFT_ACTIVE_COMPILATION_CONDITIONS = DEBUG;
				SWIFT_OPTIMIZATION_LEVEL = "-Onone";
			};
			name = Debug;
		};
		D790BE1F2740DE95009EAB42 /* Release */ = {
			isa = XCBuildConfiguration;
			buildSettings = {
				ALWAYS_SEARCH_USER_PATHS = NO;
				CLANG_ANALYZER_NONNULL = YES;
				CLANG_ANALYZER_NUMBER_OBJECT_CONVERSION = YES_AGGRESSIVE;
				CLANG_CXX_LANGUAGE_STANDARD = "gnu++14";
				CLANG_CXX_LIBRARY = "libc++";
				CLANG_ENABLE_MODULES = YES;
				CLANG_ENABLE_OBJC_ARC = YES;
				CLANG_ENABLE_OBJC_WEAK = YES;
				CLANG_WARN_BLOCK_CAPTURE_AUTORELEASING = YES;
				CLANG_WARN_BOOL_CONVERSION = YES;
				CLANG_WARN_COMMA = YES;
				CLANG_WARN_CONSTANT_CONVERSION = YES;
				CLANG_WARN_DEPRECATED_OBJC_IMPLEMENTATIONS = YES;
				CLANG_WARN_DIRECT_OBJC_ISA_USAGE = YES_ERROR;
				CLANG_WARN_DOCUMENTATION_COMMENTS = YES;
				CLANG_WARN_EMPTY_BODY = YES;
				CLANG_WARN_ENUM_CONVERSION = YES;
				CLANG_WARN_INFINITE_RECURSION = YES;
				CLANG_WARN_INT_CONVERSION = YES;
				CLANG_WARN_NON_LITERAL_NULL_CONVERSION = YES;
				CLANG_WARN_OBJC_IMPLICIT_RETAIN_SELF = YES;
				CLANG_WARN_OBJC_LITERAL_CONVERSION = YES;
				CLANG_WARN_OBJC_ROOT_CLASS = YES_ERROR;
				CLANG_WARN_QUOTED_INCLUDE_IN_FRAMEWORK_HEADER = YES;
				CLANG_WARN_RANGE_LOOP_ANALYSIS = YES;
				CLANG_WARN_STRICT_PROTOTYPES = YES;
				CLANG_WARN_SUSPICIOUS_MOVE = YES;
				CLANG_WARN_UNGUARDED_AVAILABILITY = YES_AGGRESSIVE;
				CLANG_WARN_UNREACHABLE_CODE = YES;
				CLANG_WARN__DUPLICATE_METHOD_MATCH = YES;
				COPY_PHASE_STRIP = NO;
				DEBUG_INFORMATION_FORMAT = "dwarf-with-dsym";
				ENABLE_NS_ASSERTIONS = NO;
				ENABLE_STRICT_OBJC_MSGSEND = YES;
				GCC_C_LANGUAGE_STANDARD = gnu11;
				GCC_NO_COMMON_BLOCKS = YES;
				GCC_WARN_64_TO_32_BIT_CONVERSION = YES;
				GCC_WARN_ABOUT_RETURN_TYPE = YES_ERROR;
				GCC_WARN_UNDECLARED_SELECTOR = YES;
				GCC_WARN_UNINITIALIZED_AUTOS = YES_AGGRESSIVE;
				GCC_WARN_UNUSED_FUNCTION = YES;
				GCC_WARN_UNUSED_VARIABLE = YES;
				IPHONEOS_DEPLOYMENT_TARGET = 14.4;
				MTL_ENABLE_DEBUG_INFO = NO;
				MTL_FAST_MATH = YES;
				SDKROOT = iphoneos;
				SWIFT_COMPILATION_MODE = wholemodule;
				SWIFT_OPTIMIZATION_LEVEL = "-O";
				VALIDATE_PRODUCT = YES;
			};
			name = Release;
		};
		D790BE212740DE95009EAB42 /* Debug */ = {
			isa = XCBuildConfiguration;
			buildSettings = {
				ASSETCATALOG_COMPILER_APPICON_NAME = AppIcon;
				ASSETCATALOG_COMPILER_GLOBAL_ACCENT_COLOR_NAME = AccentColor;
				CODE_SIGN_STYLE = Automatic;
				DEVELOPMENT_ASSET_PATHS = "\"gitdummyProject/Preview Content\"";
				DEVELOPMENT_TEAM = 8LD35N7G23;
				ENABLE_PREVIEWS = YES;
				INFOPLIST_FILE = gitdummyProject/Info.plist;
				LD_RUNPATH_SEARCH_PATHS = (
					"$(inherited)",
					"@executable_path/Frameworks",
				);
				PRODUCT_BUNDLE_IDENTIFIER = com.Mastheadtem.gitdummyProject;
				PRODUCT_NAME = "$(TARGET_NAME)";
				SWIFT_VERSION = 5.0;
				TARGETED_DEVICE_FAMILY = "1,2";
			};
			name = Debug;
		};
		D790BE222740DE95009EAB42 /* Release */ = {
			isa = XCBuildConfiguration;
			buildSettings = {
				ASSETCATALOG_COMPILER_APPICON_NAME = AppIcon;
				ASSETCATALOG_COMPILER_GLOBAL_ACCENT_COLOR_NAME = AccentColor;
				CODE_SIGN_STYLE = Automatic;
				DEVELOPMENT_ASSET_PATHS = "\"gitdummyProject/Preview Content\"";
				DEVELOPMENT_TEAM = 8LD35N7G23;
				ENABLE_PREVIEWS = YES;
				INFOPLIST_FILE = gitdummyProject/Info.plist;
				LD_RUNPATH_SEARCH_PATHS = (
					"$(inherited)",
					"@executable_path/Frameworks",
				);
				PRODUCT_BUNDLE_IDENTIFIER = com.Mastheadtem.gitdummyProject;
				PRODUCT_NAME = "$(TARGET_NAME)";
				SWIFT_VERSION = 5.0;
				TARGETED_DEVICE_FAMILY = "1,2";
			};
			name = Release;
		};
/* End XCBuildConfiguration section */

/* Begin XCConfigurationList section */
		D790BE072740DE94009EAB42 /* Build configuration list for PBXProject "gitdummyProject" */ = {
			isa = XCConfigurationList;
			buildConfigurations = (
				D790BE1E2740DE95009EAB42 /* Debug */,
				D790BE1F2740DE95009EAB42 /* Release */,
			);
			defaultConfigurationIsVisible = 0;
			defaultConfigurationName = Release;
		};
		D790BE202740DE95009EAB42 /* Build configuration list for PBXNativeTarget "gitdummyProject" */ = {
			isa = XCConfigurationList;
			buildConfigurations = (
				D790BE212740DE95009EAB42 /* Debug */,
				D790BE222740DE95009EAB42 /* Release */,
			);
			defaultConfigurationIsVisible = 0;
			defaultConfigurationName = Release;
		};
/* End XCConfigurationList section */
	};
	rootObject = D790BE042740DE94009EAB42 /* Project object */;
}
